<?xml version="1.0" encoding="utf-8"?>
<Project ToolsVersion="4.0" xmlns="http://schemas.microsoft.com/developer/msbuild/2003">
  <ItemGroup>
    <Filter Include="inc">
      <UniqueIdentifier>{74e36d7f-0afb-4633-9bd1-db7e739d0d4a}</UniqueIdentifier>
    </Filter>
    <Filter Include="src">
      <UniqueIdentifier>{02a9a57b-0b49-4360-bf8c-f694cfeed8cb}</UniqueIdentifier>
    </Filter>
  </ItemGroup>
  <ItemGroup>
    <ClInclude Include="..\inc\elr_mpl.h">
      <Filter>inc</Filter>
    </ClInclude>
    <ClInclude Include="..\inc\elr_mtx.h">
      <Filter>inc</Filter>
    </ClInclude>
  </ItemGroup>
  <ItemGroup>
    <ClCompile Include="..\src\elr_mpl.c">
      <Filter>src</Filter>
    </ClCompile>
    <ClCompile Include="..\src\elr_mtx.c">
      <Filter>src</Filter>
    </ClCompile>
  </ItemGroup>
</Project>